
Microsoft Visual Studio Solution File, Format Version 12.00
# Visual Studio Version 17
VisualStudioVersion = 17.13.35828.75 d17.13
MinimumVisualStudioVersion = 10.0.40219.1
Project("{FAE04EC0-301F-11D3-BF4B-00C04F79EFBC}") = "ProductApp_.NET 8", "ProductApp_.NET 8.csproj", "{9DB07441-97F6-4E8C-B4B4-AD37165DB020}"
EndProject
Global
	GlobalSection(SolutionConfigurationPlatforms) = preSolution
		Debug|Any CPU = Debug|Any CPU
		Release|Any CPU = Release|Any CPU
	EndGlobalSection
	GlobalSection(ProjectConfigurationPlatforms) = postSolution
		{9DB07441-97F6-4E8C-B4B4-AD37165DB020}.Debug|Any CPU.ActiveCfg = Debug|Any CPU
		{9DB07441-97F6-4E8C-B4B4-AD37165DB020}.Debug|Any CPU.Build.0 = Debug|Any CPU
		{9DB07441-97F6-4E8C-B4B4-AD37165DB020}.Release|Any CPU.ActiveCfg = Release|Any CPU
		{9DB07441-97F6-4E8C-B4B4-AD37165DB020}.Release|Any CPU.Build.0 = Release|Any CPU
	EndGlobalSection
	GlobalSection(SolutionProperties) = preSolution
		HideSolutionNode = FALSE
	EndGlobalSection
	GlobalSection(ExtensibilityGlobals) = postSolution
		SolutionGuid = {A0C0CB73-5990-484F-BBC2-E801DBFF1E74}
	EndGlobalSection
EndGlobal
